// !$*UTF8*$!
{
	archiveVersion = 1;
	classes = {
	};
	objectVersion = 46;
	objects = {

/* Begin PBXBuildFile section */
		6612A1C21F31AF9800FA954A /* NSData+convert.m in Sources */ = {isa = PBXBuildFile; fileRef = 6612A1C11F31AF9800FA954A /* NSData+convert.m */; };
		6650383B2139167100DCCF60 /* UIView+CornerRadius.m in Sources */ = {isa = PBXBuildFile; fileRef = 6650383A2139167100DCCF60 /* UIView+CornerRadius.m */; };
		665321C61F04C0A200E4D50A /* main.m in Sources */ = {isa = PBXBuildFile; fileRef = 665321C51F04C0A200E4D50A /* main.m */; };
		665321C91F04C0A200E4D50A /* AppDelegate.m in Sources */ = {isa = PBXBuildFile; fileRef = 665321C81F04C0A200E4D50A /* AppDelegate.m */; };
		665321CC1F04C0A200E4D50A /* ViewController.m in Sources */ = {isa = PBXBuildFile; fileRef = 665321CB1F04C0A200E4D50A /* ViewController.m */; };
		665321CF1F04C0A200E4D50A /* Main.storyboard in Resources */ = {isa = PBXBuildFile; fileRef = 665321CD1F04C0A200E4D50A /* Main.storyboard */; };
		665321D11F04C0A200E4D50A /* Assets.xcassets in Resources */ = {isa = PBXBuildFile; fileRef = 665321D01F04C0A200E4D50A /* Assets.xcassets */; };
		665321D41F04C0A200E4D50A /* LaunchScreen.storyboard in Resources */ = {isa = PBXBuildFile; fileRef = 665321D21F04C0A200E4D50A /* LaunchScreen.storyboard */; };
		665321F51F04D91200E4D50A /* NSDictionary+URLEncoding.m in Sources */ = {isa = PBXBuildFile; fileRef = 665321F21F04D91200E4D50A /* NSDictionary+URLEncoding.m */; };
		665321F61F04D91200E4D50A /* NSString+URLEncoding.m in Sources */ = {isa = PBXBuildFile; fileRef = 665321F41F04D91200E4D50A /* NSString+URLEncoding.m */; };
		665321FA1F04EF9C00E4D50A /* NSDictionary+convert.m in Sources */ = {isa = PBXBuildFile; fileRef = 665321F91F04EF9C00E4D50A /* NSDictionary+convert.m */; };
		665321FE1F04F1E400E4D50A /* NSDictionary+JSONValue.m in Sources */ = {isa = PBXBuildFile; fileRef = 665321FD1F04F1E400E4D50A /* NSDictionary+JSONValue.m */; };
/* End PBXBuildFile section */

/* Begin PBXFileReference section */
		6612A1C01F31AF9800FA954A /* NSData+convert.h */ = {isa = PBXFileReference; fileEncoding = 4; lastKnownFileType = sourcecode.c.h; path = "NSData+convert.h"; sourceTree = "<group>"; };
		6612A1C11F31AF9800FA954A /* NSData+convert.m */ = {isa = PBXFileReference; fileEncoding = 4; lastKnownFileType = sourcecode.c.objc; path = "NSData+convert.m"; sourceTree = "<group>"; };
		665038392139167100DCCF60 /* UIView+CornerRadius.h */ = {isa = PBXFileReference; lastKnownFileType = sourcecode.c.h; path = "UIView+CornerRadius.h"; sourceTree = "<group>"; };
		6650383A2139167100DCCF60 /* UIView+CornerRadius.m */ = {isa = PBXFileReference; lastKnownFileType = sourcecode.c.objc; path = "UIView+CornerRadius.m"; sourceTree = "<group>"; };
		665321C11F04C0A200E4D50A /* HLToolKit.app */ = {isa = PBXFileReference; explicitFileType = wrapper.application; includeInIndex = 0; path = HLToolKit.app; sourceTree = BUILT_PRODUCTS_DIR; };
		665321C51F04C0A200E4D50A /* main.m */ = {isa = PBXFileReference; lastKnownFileType = sourcecode.c.objc; path = main.m; sourceTree = "<group>"; };
		665321C71F04C0A200E4D50A /* AppDelegate.h */ = {isa = PBXFileReference; lastKnownFileType = sourcecode.c.h; path = AppDelegate.h; sourceTree = "<group>"; };
		665321C81F04C0A200E4D50A /* AppDelegate.m */ = {isa = PBXFileReference; lastKnownFileType = sourcecode.c.objc; path = AppDelegate.m; sourceTree = "<group>"; };
		665321CA1F04C0A200E4D50A /* ViewController.h */ = {isa = PBXFileReference; lastKnownFileType = sourcecode.c.h; path = ViewController.h; sourceTree = "<group>"; };
		665321CB1F04C0A200E4D50A /* ViewController.m */ = {isa = PBXFileReference; lastKnownFileType = sourcecode.c.objc; path = ViewController.m; sourceTree = "<group>"; };
		665321CE1F04C0A200E4D50A /* Base */ = {isa = PBXFileReference; lastKnownFileType = file.storyboard; name = Base; path = Base.lproj/Main.storyboard; sourceTree = "<group>"; };
		665321D01F04C0A200E4D50A /* Assets.xcassets */ = {isa = PBXFileReference; lastKnownFileType = folder.assetcatalog; path = Assets.xcassets; sourceTree = "<group>"; };
		665321D31F04C0A200E4D50A /* Base */ = {isa = PBXFileReference; lastKnownFileType = file.storyboard; name = Base; path = Base.lproj/LaunchScreen.storyboard; sourceTree = "<group>"; };
		665321D51F04C0A200E4D50A /* Info.plist */ = {isa = PBXFileReference; lastKnownFileType = text.plist.xml; path = Info.plist; sourceTree = "<group>"; };
		665321F01F04D91200E4D50A /* HLTKURLEncoding.h */ = {isa = PBXFileReference; fileEncoding = 4; lastKnownFileType = sourcecode.c.h; path = HLTKURLEncoding.h; sourceTree = "<group>"; };
		665321F11F04D91200E4D50A /* NSDictionary+URLEncoding.h */ = {isa = PBXFileReference; fileEncoding = 4; lastKnownFileType = sourcecode.c.h; path = "NSDictionary+URLEncoding.h"; sourceTree = "<group>"; };
		665321F21F04D91200E4D50A /* NSDictionary+URLEncoding.m */ = {isa = PBXFileReference; fileEncoding = 4; lastKnownFileType = sourcecode.c.objc; path = "NSDictionary+URLEncoding.m"; sourceTree = "<group>"; };
		665321F31F04D91200E4D50A /* NSString+URLEncoding.h */ = {isa = PBXFileReference; fileEncoding = 4; lastKnownFileType = sourcecode.c.h; path = "NSString+URLEncoding.h"; sourceTree = "<group>"; };
		665321F41F04D91200E4D50A /* NSString+URLEncoding.m */ = {isa = PBXFileReference; fileEncoding = 4; lastKnownFileType = sourcecode.c.objc; path = "NSString+URLEncoding.m"; sourceTree = "<group>"; };
		665321F81F04EF9C00E4D50A /* NSDictionary+convert.h */ = {isa = PBXFileReference; fileEncoding = 4; lastKnownFileType = sourcecode.c.h; path = "NSDictionary+convert.h"; sourceTree = "<group>"; };
		665321F91F04EF9C00E4D50A /* NSDictionary+convert.m */ = {isa = PBXFileReference; fileEncoding = 4; lastKnownFileType = sourcecode.c.objc; path = "NSDictionary+convert.m"; sourceTree = "<group>"; };
		665321FC1F04F1E400E4D50A /* NSDictionary+JSONValue.h */ = {isa = PBXFileReference; fileEncoding = 4; lastKnownFileType = sourcecode.c.h; path = "NSDictionary+JSONValue.h"; sourceTree = "<group>"; };
		665321FD1F04F1E400E4D50A /* NSDictionary+JSONValue.m */ = {isa = PBXFileReference; fileEncoding = 4; lastKnownFileType = sourcecode.c.objc; path = "NSDictionary+JSONValue.m"; sourceTree = "<group>"; };
		66D95AD11F32CDC00031B097 /* NSString+Search.h */ = {isa = PBXFileReference; lastKnownFileType = sourcecode.c.h; name = "NSString+Search.h"; path = "StringSearch/NSString+Search.h"; sourceTree = "<group>"; };
/* End PBXFileReference section */

/* Begin PBXFrameworksBuildPhase section */
		665321BE1F04C0A200E4D50A /* Frameworks */ = {
			isa = PBXFrameworksBuildPhase;
			buildActionMask = 2147483647;
			files = (
			);
			runOnlyForDeploymentPostprocessing = 0;
		};
/* End PBXFrameworksBuildPhase section */

/* Begin PBXGroup section */
		66503837213915F300DCCF60 /* UIKit */ = {
			isa = PBXGroup;
			children = (
				665038382139160300DCCF60 /* UIView */,
			);
			path = UIKit;
			sourceTree = "<group>";
		};
		665038382139160300DCCF60 /* UIView */ = {
			isa = PBXGroup;
			children = (
				665038392139167100DCCF60 /* UIView+CornerRadius.h */,
				6650383A2139167100DCCF60 /* UIView+CornerRadius.m */,
			);
			path = UIView;
			sourceTree = "<group>";
		};
		665321B81F04C0A200E4D50A = {
			isa = PBXGroup;
			children = (
				665321C31F04C0A200E4D50A /* HLToolKit */,
				665321C21F04C0A200E4D50A /* Products */,
			);
			sourceTree = "<group>";
		};
		665321C21F04C0A200E4D50A /* Products */ = {
			isa = PBXGroup;
			children = (
				665321C11F04C0A200E4D50A /* HLToolKit.app */,
			);
			name = Products;
			sourceTree = "<group>";
		};
		665321C31F04C0A200E4D50A /* HLToolKit */ = {
			isa = PBXGroup;
			children = (
				665321DE1F04C10500E4D50A /* HLCategory */,
				665321DC1F04C0C900E4D50A /* AppDelegate */,
				665321DB1F04C0C100E4D50A /* Source */,
				665321C41F04C0A200E4D50A /* Supporting Files */,
			);
			path = HLToolKit;
			sourceTree = "<group>";
		};
		665321C41F04C0A200E4D50A /* Supporting Files */ = {
			isa = PBXGroup;
			children = (
				665321C51F04C0A200E4D50A /* main.m */,
			);
			name = "Supporting Files";
			sourceTree = "<group>";
		};
		665321DB1F04C0C100E4D50A /* Source */ = {
			isa = PBXGroup;
			children = (
				665321CD1F04C0A200E4D50A /* Main.storyboard */,
				665321D01F04C0A200E4D50A /* Assets.xcassets */,
				665321D21F04C0A200E4D50A /* LaunchScreen.storyboard */,
				665321D51F04C0A200E4D50A /* Info.plist */,
			);
			name = Source;
			sourceTree = "<group>";
		};
		665321DC1F04C0C900E4D50A /* AppDelegate */ = {
			isa = PBXGroup;
			children = (
				665321C71F04C0A200E4D50A /* AppDelegate.h */,
				665321C81F04C0A200E4D50A /* AppDelegate.m */,
				665321CA1F04C0A200E4D50A /* ViewController.h */,
				665321CB1F04C0A200E4D50A /* ViewController.m */,
			);
			name = AppDelegate;
			sourceTree = "<group>";
		};
		665321DE1F04C10500E4D50A /* HLCategory */ = {
			isa = PBXGroup;
			children = (
				66503837213915F300DCCF60 /* UIKit */,
				665321FB1F04F10C00E4D50A /* JSONValue */,
				665321F71F04EF8300E4D50A /* Convert */,
				665321EE1F04D91200E4D50A /* HLTKNetwork */,
				66D95AD11F32CDC00031B097 /* NSString+Search.h */,
			);
			path = HLCategory;
			sourceTree = "<group>";
		};
		665321EE1F04D91200E4D50A /* HLTKNetwork */ = {
			isa = PBXGroup;
			children = (
				665321EF1F04D91200E4D50A /* URLEncoding */,
			);
			path = HLTKNetwork;
			sourceTree = "<group>";
		};
		665321EF1F04D91200E4D50A /* URLEncoding */ = {
			isa = PBXGroup;
			children = (
				665321F01F04D91200E4D50A /* HLTKURLEncoding.h */,
				665321F11F04D91200E4D50A /* NSDictionary+URLEncoding.h */,
				665321F21F04D91200E4D50A /* NSDictionary+URLEncoding.m */,
				665321F31F04D91200E4D50A /* NSString+URLEncoding.h */,
				665321F41F04D91200E4D50A /* NSString+URLEncoding.m */,
			);
			path = URLEncoding;
			sourceTree = "<group>";
		};
		665321F71F04EF8300E4D50A /* Convert */ = {
			isa = PBXGroup;
			children = (
				6612A1C01F31AF9800FA954A /* NSData+convert.h */,
				6612A1C11F31AF9800FA954A /* NSData+convert.m */,
				665321F81F04EF9C00E4D50A /* NSDictionary+convert.h */,
				665321F91F04EF9C00E4D50A /* NSDictionary+convert.m */,
			);
			name = Convert;
			path = Foundation/Convert;
			sourceTree = "<group>";
		};
		665321FB1F04F10C00E4D50A /* JSONValue */ = {
			isa = PBXGroup;
			children = (
				665321FC1F04F1E400E4D50A /* NSDictionary+JSONValue.h */,
				665321FD1F04F1E400E4D50A /* NSDictionary+JSONValue.m */,
			);
			name = JSONValue;
			path = Foundation/JSONValue;
			sourceTree = "<group>";
		};
/* End PBXGroup section */

/* Begin PBXNativeTarget section */
		665321C01F04C0A200E4D50A /* HLToolKit */ = {
			isa = PBXNativeTarget;
			buildConfigurationList = 665321D81F04C0A200E4D50A /* Build configuration list for PBXNativeTarget "HLToolKit" */;
			buildPhases = (
				665321BD1F04C0A200E4D50A /* Sources */,
				665321BE1F04C0A200E4D50A /* Frameworks */,
				665321BF1F04C0A200E4D50A /* Resources */,
			);
			buildRules = (
			);
			dependencies = (
			);
			name = HLToolKit;
			productName = HLToolKit;
			productReference = 665321C11F04C0A200E4D50A /* HLToolKit.app */;
			productType = "com.apple.product-type.application";
		};
/* End PBXNativeTarget section */

/* Begin PBXProject section */
		665321B91F04C0A200E4D50A /* Project object */ = {
			isa = PBXProject;
			attributes = {
				LastUpgradeCheck = 0830;
				ORGANIZATIONNAME = HL;
				TargetAttributes = {
					665321C01F04C0A200E4D50A = {
						CreatedOnToolsVersion = 8.3.3;
						DevelopmentTeam = 35KA26N77R;
						ProvisioningStyle = Automatic;
					};
				};
			};
			buildConfigurationList = 665321BC1F04C0A200E4D50A /* Build configuration list for PBXProject "HLToolKit" */;
			compatibilityVersion = "Xcode 3.2";
			developmentRegion = English;
			hasScannedForEncodings = 0;
			knownRegions = (
				en,
				Base,
			);
			mainGroup = 665321B81F04C0A200E4D50A;
			productRefGroup = 665321C21F04C0A200E4D50A /* Products */;
			projectDirPath = "";
			projectRoot = "";
			targets = (
				665321C01F04C0A200E4D50A /* HLToolKit */,
			);
		};
/* End PBXProject section */

/* Begin PBXResourcesBuildPhase section */
		665321BF1F04C0A200E4D50A /* Resources */ = {
			isa = PBXResourcesBuildPhase;
			buildActionMask = 2147483647;
			files = (
				665321D41F04C0A200E4D50A /* LaunchScreen.storyboard in Resources */,
				665321D11F04C0A200E4D50A /* Assets.xcassets in Resources */,
				665321CF1F04C0A200E4D50A /* Main.storyboard in Resources */,
			);
			runOnlyForDeploymentPostprocessing = 0;
		};
/* End PBXResourcesBuildPhase section */

/* Begin PBXSourcesBuildPhase section */
		665321BD1F04C0A200E4D50A /* Sources */ = {
			isa = PBXSourcesBuildPhase;
			buildActionMask = 2147483647;
			files = (
				665321F61F04D91200E4D50A /* NSString+URLEncoding.m in Sources */,
				665321CC1F04C0A200E4D50A /* ViewController.m in Sources */,
				6612A1C21F31AF9800FA954A /* NSData+convert.m in Sources */,
				665321F51F04D91200E4D50A /* NSDictionary+URLEncoding.m in Sources */,
				665321FE1F04F1E400E4D50A /* NSDictionary+JSONValue.m in Sources */,
				665321C91F04C0A200E4D50A /* AppDelegate.m in Sources */,
				665321FA1F04EF9C00E4D50A /* NSDictionary+convert.m in Sources */,
				6650383B2139167100DCCF60 /* UIView+CornerRadius.m in Sources */,
				665321C61F04C0A200E4D50A /* main.m in Sources */,
			);
			runOnlyForDeploymentPostprocessing = 0;
		};
/* End PBXSourcesBuildPhase section */

/* Begin PBXVariantGroup section */
		665321CD1F04C0A200E4D50A /* Main.storyboard */ = {
			isa = PBXVariantGroup;
			children = (
				665321CE1F04C0A200E4D50A /* Base */,
			);
			name = Main.storyboard;
			sourceTree = "<group>";
		};
		665321D21F04C0A200E4D50A /* LaunchScreen.storyboard */ = {
			isa = PBXVariantGroup;
			children = (
				665321D31F04C0A200E4D50A /* Base */,
			);
			name = LaunchScreen.storyboard;
			sourceTree = "<group>";
		};
/* End PBXVariantGroup section */

/* Begin XCBuildConfiguration section */
		665321D61F04C0A200E4D50A /* Debug */ = {
			isa = XCBuildConfiguration;
			buildSettings = {
				ALWAYS_SEARCH_USER_PATHS = NO;
				CLANG_ANALYZER_NONNULL = YES;
				CLANG_ANALYZER_NUMBER_OBJECT_CONVERSION = YES_AGGRESSIVE;
				CLANG_CXX_LANGUAGE_STANDARD = "gnu++0x";
				CLANG_CXX_LIBRARY = "libc++";
				CLANG_ENABLE_MODULES = YES;
				CLANG_ENABLE_OBJC_ARC = YES;
				CLANG_WARN_BOOL_CONVERSION = YES;
				CLANG_WARN_CONSTANT_CONVERSION = YES;
				CLANG_WARN_DIRECT_OBJC_ISA_USAGE = YES_ERROR;
				CLANG_WARN_DOCUMENTATION_COMMENTS = YES;
				CLANG_WARN_EMPTY_BODY = YES;
				CLANG_WARN_ENUM_CONVERSION = YES;
				CLANG_WARN_INFINITE_RECURSION = YES;
				CLANG_WARN_INT_CONVERSION = YES;
				CLANG_WARN_OBJC_ROOT_CLASS = YES_ERROR;
				CLANG_WARN_SUSPICIOUS_MOVE = YES;
				CLANG_WARN_UNREACHABLE_CODE = YES;
				CLANG_WARN__DUPLICATE_METHOD_MATCH = YES;
				"CODE_SIGN_IDENTITY[sdk=iphoneos*]" = "iPhone Developer";
				COPY_PHASE_STRIP = NO;
				DEBUG_INFORMATION_FORMAT = dwarf;
				ENABLE_STRICT_OBJC_MSGSEND = YES;
				ENABLE_TESTABILITY = YES;
				GCC_C_LANGUAGE_STANDARD = gnu99;
				GCC_DYNAMIC_NO_PIC = NO;
				GCC_NO_COMMON_BLOCKS = YES;
				GCC_OPTIMIZATION_LEVEL = 0;
				GCC_PREPROCESSOR_DEFINITIONS = (
					"DEBUG=1",
					"$(inherited)",
				);
				GCC_WARN_64_TO_32_BIT_CONVERSION = YES;
				GCC_WARN_ABOUT_RETURN_TYPE = YES_ERROR;
				GCC_WARN_UNDECLARED_SELECTOR = YES;
				GCC_WARN_UNINITIALIZED_AUTOS = YES_AGGRESSIVE;
				GCC_WARN_UNUSED_FUNCTION = YES;
				GCC_WARN_UNUSED_VARIABLE = YES;
				IPHONEOS_DEPLOYMENT_TARGET = 10.3;
				MTL_ENABLE_DEBUG_INFO = YES;
				ONLY_ACTIVE_ARCH = YES;
				SDKROOT = iphoneos;
			};
			name = Debug;
		};
		665321D71F04C0A200E4D50A /* Release */ = {
			isa = XCBuildConfiguration;
			buildSettings = {
				ALWAYS_SEARCH_USER_PATHS = NO;
				CLANG_ANALYZER_NONNULL = YES;
				CLANG_ANALYZER_NUMBER_OBJECT_CONVERSION = YES_AGGRESSIVE;
				CLANG_CXX_LANGUAGE_STANDARD = "gnu++0x";
				CLANG_CXX_LIBRARY = "libc++";
				CLANG_ENABLE_MODULES = YES;
				CLANG_ENABLE_OBJC_ARC = YES;
				CLANG_WARN_BOOL_CONVERSION = YES;
				CLANG_WARN_CONSTANT_CONVERSION = YES;
				CLANG_WARN_DIRECT_OBJC_ISA_USAGE = YES_ERROR;
				CLANG_WARN_DOCUMENTATION_COMMENTS = YES;
				CLANG_WARN_EMPTY_BODY = YES;
				CLANG_WARN_ENUM_CONVERSION = YES;
				CLANG_WARN_INFINITE_RECURSION = YES;
				CLANG_WARN_INT_CONVERSION = YES;
				CLANG_WARN_OBJC_ROOT_CLASS = YES_ERROR;
				CLANG_WARN_SUSPICIOUS_MOVE = YES;
				CLANG_WARN_UNREACHABLE_CODE = YES;
				CLANG_WARN__DUPLICATE_METHOD_MATCH = YES;
				"CODE_SIGN_IDENTITY[sdk=iphoneos*]" = "iPhone Developer";
				COPY_PHASE_STRIP = NO;
				DEBUG_INFORMATION_FORMAT = "dwarf-with-dsym";
				ENABLE_NS_ASSERTIONS = NO;
				ENABLE_STRICT_OBJC_MSGSEND = YES;
				GCC_C_LANGUAGE_STANDARD = gnu99;
				GCC_NO_COMMON_BLOCKS = YES;
				GCC_WARN_64_TO_32_BIT_CONVERSION = YES;
				GCC_WARN_ABOUT_RETURN_TYPE = YES_ERROR;
				GCC_WARN_UNDECLARED_SELECTOR = YES;
				GCC_WARN_UNINITIALIZED_AUTOS = YES_AGGRESSIVE;
				GCC_WARN_UNUSED_FUNCTION = YES;
				GCC_WARN_UNUSED_VARIABLE = YES;
				IPHONEOS_DEPLOYMENT_TARGET = 10.3;
				MTL_ENABLE_DEBUG_INFO = NO;
				SDKROOT = iphoneos;
				VALIDATE_PRODUCT = YES;
			};
			name = Release;
		};
		665321D91F04C0A200E4D50A /* Debug */ = {
			isa = XCBuildConfiguration;
			buildSettings = {
				ASSETCATALOG_COMPILER_APPICON_NAME = AppIcon;
				DEVELOPMENT_TEAM = 35KA26N77R;
				INFOPLIST_FILE = HLToolKit/Info.plist;
				LD_RUNPATH_SEARCH_PATHS = "$(inherited) @executable_path/Frameworks";
				PRODUCT_BUNDLE_IDENTIFIER = www.HL.HLToolKit;
				PRODUCT_NAME = "$(TARGET_NAME)";
			};
			name = Debug;
		};
		665321DA1F04C0A200E4D50A /* Release */ = {
			isa = XCBuildConfiguration;
			buildSettings = {
				ASSETCATALOG_COMPILER_APPICON_NAME = AppIcon;
				DEVELOPMENT_TEAM = 35KA26N77R;
				INFOPLIST_FILE = HLToolKit/Info.plist;
				LD_RUNPATH_SEARCH_PATHS = "$(inherited) @executable_path/Frameworks";
				PRODUCT_BUNDLE_IDENTIFIER = www.HL.HLToolKit;
				PRODUCT_NAME = "$(TARGET_NAME)";
			};
			name = Release;
		};
/* End XCBuildConfiguration section */

/* Begin XCConfigurationList section */
		665321BC1F04C0A200E4D50A /* Build configuration list for PBXProject "HLToolKit" */ = {
			isa = XCConfigurationList;
			buildConfigurations = (
				665321D61F04C0A200E4D50A /* Debug */,
				665321D71F04C0A200E4D50A /* Release */,
			);
			defaultConfigurationIsVisible = 0;
			defaultConfigurationName = Release;
		};
		665321D81F04C0A200E4D50A /* Build configuration list for PBXNativeTarget "HLToolKit" */ = {
			isa = XCConfigurationList;
			buildConfigurations = (
				665321D91F04C0A200E4D50A /* Debug */,
				665321DA1F04C0A200E4D50A /* Release */,
			);
			defaultConfigurationIsVisible = 0;
			defaultConfigurationName = Release;
		};
/* End XCConfigurationList section */
	};
	rootObject = 665321B91F04C0A200E4D50A /* Project object */;
}
